// !$*UTF8*$!
{
	archiveVersion = 1;
	classes = {
	};
	objectVersion = 46;
	objects = {

/* Begin PBXBuildFile section */
		B20FC87615FEB4C300F63DE5 /* CropperView.m in Sources */ = {isa = PBXBuildFile; fileRef = B20FC87515FEB4BA00F63DE5 /* CropperView.m */; };
		B20FC87815FEB72B00F63DE5 /* image.png in Resources */ = {isa = PBXBuildFile; fileRef = B20FC87715FEB72B00F63DE5 /* image.png */; };
		B21CCF0415FE516400F2945C /* UIKit.framework in Frameworks */ = {isa = PBXBuildFile; fileRef = B21CCF0315FE516400F2945C /* UIKit.framework */; };
		B21CCF0615FE516400F2945C /* Foundation.framework in Frameworks */ = {isa = PBXBuildFile; fileRef = B21CCF0515FE516400F2945C /* Foundation.framework */; };
		B21CCF0815FE516400F2945C /* CoreGraphics.framework in Frameworks */ = {isa = PBXBuildFile; fileRef = B21CCF0715FE516400F2945C /* CoreGraphics.framework */; };
		B21CCF0E15FE516400F2945C /* InfoPlist.strings in Resources */ = {isa = PBXBuildFile; fileRef = B21CCF0C15FE516400F2945C /* InfoPlist.strings */; };
		B21CCF1015FE516400F2945C /* main.m in Sources */ = {isa = PBXBuildFile; fileRef = B21CCF0F15FE516400F2945C /* main.m */; };
		B21CCF1415FE516400F2945C /* AppDelegate.m in Sources */ = {isa = PBXBuildFile; fileRef = B21CCF1315FE516400F2945C /* AppDelegate.m */; };
		B21CCF1715FE516400F2945C /* ViewController.m in Sources */ = {isa = PBXBuildFile; fileRef = B21CCF1615FE516400F2945C /* ViewController.m */; };
		B21CCF1A15FE516400F2945C /* ViewController.xib in Resources */ = {isa = PBXBuildFile; fileRef = B21CCF1815FE516400F2945C /* ViewController.xib */; };
/* End PBXBuildFile section */

/* Begin PBXFileReference section */
		B20FC87415FEB4BA00F63DE5 /* CropperView.h */ = {isa = PBXFileReference; lastKnownFileType = sourcecode.c.h; path = CropperView.h; sourceTree = "<group>"; };
		B20FC87515FEB4BA00F63DE5 /* CropperView.m */ = {isa = PBXFileReference; lastKnownFileType = sourcecode.c.objc; path = CropperView.m; sourceTree = "<group>"; };
		B20FC87715FEB72B00F63DE5 /* image.png */ = {isa = PBXFileReference; lastKnownFileType = image.png; path = image.png; sourceTree = "<group>"; };
		B21CCEFF15FE516400F2945C /* cropper.app */ = {isa = PBXFileReference; explicitFileType = wrapper.application; includeInIndex = 0; path = cropper.app; sourceTree = BUILT_PRODUCTS_DIR; };
		B21CCF0315FE516400F2945C /* UIKit.framework */ = {isa = PBXFileReference; lastKnownFileType = wrapper.framework; name = UIKit.framework; path = System/Library/Frameworks/UIKit.framework; sourceTree = SDKROOT; };
		B21CCF0515FE516400F2945C /* Foundation.framework */ = {isa = PBXFileReference; lastKnownFileType = wrapper.framework; name = Foundation.framework; path = System/Library/Frameworks/Foundation.framework; sourceTree = SDKROOT; };
		B21CCF0715FE516400F2945C /* CoreGraphics.framework */ = {isa = PBXFileReference; lastKnownFileType = wrapper.framework; name = CoreGraphics.framework; path = System/Library/Frameworks/CoreGraphics.framework; sourceTree = SDKROOT; };
		B21CCF0B15FE516400F2945C /* cropper-Info.plist */ = {isa = PBXFileReference; lastKnownFileType = text.plist.xml; path = "cropper-Info.plist"; sourceTree = "<group>"; };
		B21CCF0D15FE516400F2945C /* en */ = {isa = PBXFileReference; lastKnownFileType = text.plist.strings; name = en; path = en.lproj/InfoPlist.strings; sourceTree = "<group>"; };
		B21CCF0F15FE516400F2945C /* main.m */ = {isa = PBXFileReference; lastKnownFileType = sourcecode.c.objc; path = main.m; sourceTree = "<group>"; };
		B21CCF1115FE516400F2945C /* cropper-Prefix.pch */ = {isa = PBXFileReference; lastKnownFileType = sourcecode.c.h; path = "cropper-Prefix.pch"; sourceTree = "<group>"; };
		B21CCF1215FE516400F2945C /* AppDelegate.h */ = {isa = PBXFileReference; lastKnownFileType = sourcecode.c.h; path = AppDelegate.h; sourceTree = "<group>"; };
		B21CCF1315FE516400F2945C /* AppDelegate.m */ = {isa = PBXFileReference; lastKnownFileType = sourcecode.c.objc; path = AppDelegate.m; sourceTree = "<group>"; };
		B21CCF1515FE516400F2945C /* ViewController.h */ = {isa = PBXFileReference; lastKnownFileType = sourcecode.c.h; path = ViewController.h; sourceTree = "<group>"; };
		B21CCF1615FE516400F2945C /* ViewController.m */ = {isa = PBXFileReference; lastKnownFileType = sourcecode.c.objc; path = ViewController.m; sourceTree = "<group>"; };
		B21CCF1915FE516400F2945C /* en */ = {isa = PBXFileReference; lastKnownFileType = file.xib; name = en; path = en.lproj/ViewController.xib; sourceTree = "<group>"; };
/* End PBXFileReference section */

/* Begin PBXFrameworksBuildPhase section */
		B21CCEFC15FE516400F2945C /* Frameworks */ = {
			isa = PBXFrameworksBuildPhase;
			buildActionMask = 2147483647;
			files = (
				B21CCF0415FE516400F2945C /* UIKit.framework in Frameworks */,
				B21CCF0615FE516400F2945C /* Foundation.framework in Frameworks */,
				B21CCF0815FE516400F2945C /* CoreGraphics.framework in Frameworks */,
			);
			runOnlyForDeploymentPostprocessing = 0;
		};
/* End PBXFrameworksBuildPhase section */

/* Begin PBXGroup section */
		B21CCEF415FE516400F2945C = {
			isa = PBXGroup;
			children = (
				B21CCF0915FE516400F2945C /* cropper */,
				B21CCF0215FE516400F2945C /* Frameworks */,
				B21CCF0015FE516400F2945C /* Products */,
			);
			sourceTree = "<group>";
		};
		B21CCF0015FE516400F2945C /* Products */ = {
			isa = PBXGroup;
			children = (
				B21CCEFF15FE516400F2945C /* cropper.app */,
			);
			name = Products;
			sourceTree = "<group>";
		};
		B21CCF0215FE516400F2945C /* Frameworks */ = {
			isa = PBXGroup;
			children = (
				B21CCF0315FE516400F2945C /* UIKit.framework */,
				B21CCF0515FE516400F2945C /* Foundation.framework */,
				B21CCF0715FE516400F2945C /* CoreGraphics.framework */,
			);
			name = Frameworks;
			sourceTree = "<group>";
		};
		B21CCF0915FE516400F2945C /* cropper */ = {
			isa = PBXGroup;
			children = (
				B21CCF1215FE516400F2945C /* AppDelegate.h */,
				B21CCF1315FE516400F2945C /* AppDelegate.m */,
				B21CCF1515FE516400F2945C /* ViewController.h */,
				B21CCF1615FE516400F2945C /* ViewController.m */,
				B21CCF1815FE516400F2945C /* ViewController.xib */,
				B20FC87415FEB4BA00F63DE5 /* CropperView.h */,
				B20FC87515FEB4BA00F63DE5 /* CropperView.m */,
				B20FC87715FEB72B00F63DE5 /* image.png */,
				B21CCF0A15FE516400F2945C /* Supporting Files */,
			);
			path = cropper;
			sourceTree = "<group>";
		};
		B21CCF0A15FE516400F2945C /* Supporting Files */ = {
			isa = PBXGroup;
			children = (
				B21CCF0B15FE516400F2945C /* cropper-Info.plist */,
				B21CCF0C15FE516400F2945C /* InfoPlist.strings */,
				B21CCF0F15FE516400F2945C /* main.m */,
				B21CCF1115FE516400F2945C /* cropper-Prefix.pch */,
			);
			name = "Supporting Files";
			sourceTree = "<group>";
		};
/* End PBXGroup section */

/* Begin PBXNativeTarget section */
		B21CCEFE15FE516400F2945C /* cropper */ = {
			isa = PBXNativeTarget;
			buildConfigurationList = B21CCF1D15FE516400F2945C /* Build configuration list for PBXNativeTarget "cropper" */;
			buildPhases = (
				B21CCEFB15FE516400F2945C /* Sources */,
				B21CCEFC15FE516400F2945C /* Frameworks */,
				B21CCEFD15FE516400F2945C /* Resources */,
			);
			buildRules = (
			);
			dependencies = (
			);
			name = cropper;
			productName = cropper;
			productReference = B21CCEFF15FE516400F2945C /* cropper.app */;
			productType = "com.apple.product-type.application";
		};
/* End PBXNativeTarget section */

/* Begin PBXProject section */
		B21CCEF615FE516400F2945C /* Project object */ = {
			isa = PBXProject;
			attributes = {
				LastUpgradeCheck = 0430;
			};
			buildConfigurationList = B21CCEF915FE516400F2945C /* Build configuration list for PBXProject "cropper" */;
			compatibilityVersion = "Xcode 3.2";
			developmentRegion = English;
			hasScannedForEncodings = 0;
			knownRegions = (
				en,
			);
			mainGroup = B21CCEF415FE516400F2945C;
			productRefGroup = B21CCF0015FE516400F2945C /* Products */;
			projectDirPath = "";
			projectRoot = "";
			targets = (
				B21CCEFE15FE516400F2945C /* cropper */,
			);
		};
/* End PBXProject section */

/* Begin PBXResourcesBuildPhase section */
		B21CCEFD15FE516400F2945C /* Resources */ = {
			isa = PBXResourcesBuildPhase;
			buildActionMask = 2147483647;
			files = (
				B21CCF0E15FE516400F2945C /* InfoPlist.strings in Resources */,
				B21CCF1A15FE516400F2945C /* ViewController.xib in Resources */,
				B20FC87815FEB72B00F63DE5 /* image.png in Resources */,
			);
			runOnlyForDeploymentPostprocessing = 0;
		};
/* End PBXResourcesBuildPhase section */

/* Begin PBXSourcesBuildPhase section */
		B21CCEFB15FE516400F2945C /* Sources */ = {
			isa = PBXSourcesBuildPhase;
			buildActionMask = 2147483647;
			files = (
				B20FC87615FEB4C300F63DE5 /* CropperView.m in Sources */,
				B21CCF1015FE516400F2945C /* main.m in Sources */,
				B21CCF1415FE516400F2945C /* AppDelegate.m in Sources */,
				B21CCF1715FE516400F2945C /* ViewController.m in Sources */,
			);
			runOnlyForDeploymentPostprocessing = 0;
		};
/* End PBXSourcesBuildPhase section */

/* Begin PBXVariantGroup section */
		B21CCF0C15FE516400F2945C /* InfoPlist.strings */ = {
			isa = PBXVariantGroup;
			children = (
				B21CCF0D15FE516400F2945C /* en */,
			);
			name = InfoPlist.strings;
			sourceTree = "<group>";
		};
		B21CCF1815FE516400F2945C /* ViewController.xib */ = {
			isa = PBXVariantGroup;
			children = (
				B21CCF1915FE516400F2945C /* en */,
			);
			name = ViewController.xib;
			sourceTree = "<group>";
		};
/* End PBXVariantGroup section */

/* Begin XCBuildConfiguration section */
		B21CCF1B15FE516400F2945C /* Debug */ = {
			isa = XCBuildConfiguration;
			buildSettings = {
				ALWAYS_SEARCH_USER_PATHS = NO;
				ARCHS = "$(ARCHS_STANDARD_32_BIT)";
				"CODE_SIGN_IDENTITY[sdk=iphoneos*]" = "iPhone Developer";
				COPY_PHASE_STRIP = NO;
				GCC_C_LANGUAGE_STANDARD = gnu99;
				GCC_DYNAMIC_NO_PIC = NO;
				GCC_OPTIMIZATION_LEVEL = 0;
				GCC_PREPROCESSOR_DEFINITIONS = (
					"DEBUG=1",
					"$(inherited)",
				);
				GCC_SYMBOLS_PRIVATE_EXTERN = NO;
				GCC_VERSION = com.apple.compilers.llvm.clang.1_0;
				GCC_WARN_ABOUT_RETURN_TYPE = YES;
				GCC_WARN_UNINITIALIZED_AUTOS = YES;
				GCC_WARN_UNUSED_VARIABLE = YES;
				IPHONEOS_DEPLOYMENT_TARGET = 5.1;
				SDKROOT = iphoneos;
			};
			name = Debug;
		};
		B21CCF1C15FE516400F2945C /* Release */ = {
			isa = XCBuildConfiguration;
			buildSettings = {
				ALWAYS_SEARCH_USER_PATHS = NO;
				ARCHS = "$(ARCHS_STANDARD_32_BIT)";
				"CODE_SIGN_IDENTITY[sdk=iphoneos*]" = "iPhone Developer";
				COPY_PHASE_STRIP = YES;
				GCC_C_LANGUAGE_STANDARD = gnu99;
				GCC_VERSION = com.apple.compilers.llvm.clang.1_0;
				GCC_WARN_ABOUT_RETURN_TYPE = YES;
				GCC_WARN_UNINITIALIZED_AUTOS = YES;
				GCC_WARN_UNUSED_VARIABLE = YES;
				IPHONEOS_DEPLOYMENT_TARGET = 5.1;
				OTHER_CFLAGS = "-DNS_BLOCK_ASSERTIONS=1";
				SDKROOT = iphoneos;
				VALIDATE_PRODUCT = YES;
			};
			name = Release;
		};
		B21CCF1E15FE516400F2945C /* Debug */ = {
			isa = XCBuildConfiguration;
			buildSettings = {
				GCC_PRECOMPILE_PREFIX_HEADER = YES;
				GCC_PREFIX_HEADER = "cropper/cropper-Prefix.pch";
				INFOPLIST_FILE = "cropper/cropper-Info.plist";
				PRODUCT_NAME = "$(TARGET_NAME)";
				WRAPPER_EXTENSION = app;
			};
			name = Debug;
		};
		B21CCF1F15FE516400F2945C /* Release */ = {
			isa = XCBuildConfiguration;
			buildSettings = {
				GCC_PRECOMPILE_PREFIX_HEADER = YES;
				GCC_PREFIX_HEADER = "cropper/cropper-Prefix.pch";
				INFOPLIST_FILE = "cropper/cropper-Info.plist";
				PRODUCT_NAME = "$(TARGET_NAME)";
				WRAPPER_EXTENSION = app;
			};
			name = Release;
		};
/* End XCBuildConfiguration section */

/* Begin XCConfigurationList section */
		B21CCEF915FE516400F2945C /* Build configuration list for PBXProject "cropper" */ = {
			isa = XCConfigurationList;
			buildConfigurations = (
				B21CCF1B15FE516400F2945C /* Debug */,
				B21CCF1C15FE516400F2945C /* Release */,
			);
			defaultConfigurationIsVisible = 0;
			defaultConfigurationName = Release;
		};
		B21CCF1D15FE516400F2945C /* Build configuration list for PBXNativeTarget "cropper" */ = {
			isa = XCConfigurationList;
			buildConfigurations = (
				B21CCF1E15FE516400F2945C /* Debug */,
				B21CCF1F15FE516400F2945C /* Release */,
			);
			defaultConfigurationIsVisible = 0;
			defaultConfigurationName = Release;
		};
/* End XCConfigurationList section */
	};
	rootObject = B21CCEF615FE516400F2945C /* Project object */;
}
